
Microsoft Visual Studio Solution File, Format Version 12.00
# Visual Studio 15
VisualStudioVersion = 15.0.27428.2043
MinimumVisualStudioVersion = 10.0.40219.1
Project("{FAE04EC0-301F-11D3-BF4B-00C04F79EFBC}") = "ManualAssembly", "ManualAssembly.csproj", "{03A5D590-E08F-43B4-90A7-6C1F855A6510}"
EndProject
Global
	GlobalSection(SolutionConfigurationPlatforms) = preSolution
		Debug|Any CPU = Debug|Any CPU
		Release|Any CPU = Release|Any CPU
	EndGlobalSection
	GlobalSection(ProjectConfigurationPlatforms) = postSolution
		{03A5D590-E08F-43B4-90A7-6C1F855A6510}.Debug|Any CPU.ActiveCfg = Debug|Any CPU
		{03A5D590-E08F-43B4-90A7-6C1F855A6510}.Debug|Any CPU.Build.0 = Debug|Any CPU
		{03A5D590-E08F-43B4-90A7-6C1F855A6510}.Release|Any CPU.ActiveCfg = Release|Any CPU
		{03A5D590-E08F-43B4-90A7-6C1F855A6510}.Release|Any CPU.Build.0 = Release|Any CPU
	EndGlobalSection
	GlobalSection(SolutionProperties) = preSolution
		HideSolutionNode = FALSE
	EndGlobalSection
	GlobalSection(ExtensibilityGlobals) = postSolution
		SolutionGuid = {20668EA5-D073-48C5-8523-8ED6BEBB14F3}
	EndGlobalSection
EndGlobal
